
Microsoft Visual Studio Solution File, Format Version 12.00
# Visual Studio 2012
Project("{FAE04EC0-301F-11D3-BF4B-00C04F79EFBC}") = "JsClock", "JsClock\JsClock.csproj", "{79293E97-BAE4-4634-9250-D6B69635FC33}"
EndProject
Global
	GlobalSection(SolutionConfigurationPlatforms) = preSolution
		Debug|Any CPU = Debug|Any CPU
		Release|Any CPU = Release|Any CPU
	EndGlobalSection
	GlobalSection(ProjectConfigurationPlatforms) = postSolution
		{79293E97-BAE4-4634-9250-D6B69635FC33}.Debug|Any CPU.ActiveCfg = Debug|Any CPU
		{79293E97-BAE4-4634-9250-D6B69635FC33}.Debug|Any CPU.Build.0 = Debug|Any CPU
		{79293E97-BAE4-4634-9250-D6B69635FC33}.Release|Any CPU.ActiveCfg = Release|Any CPU
		{79293E97-BAE4-4634-9250-D6B69635FC33}.Release|Any CPU.Build.0 = Release|Any CPU
	EndGlobalSection
EndGlobal
